Microsoft Visual Studio Solution File, Format Version 12.00
# Visual Studio Version 17
VisualStudioVersion = 17.13.35931.197
MinimumVisualStudioVersion = 10.0.40219.1
Project("{FAE04EC0-301F-11D3-BF4B-00C04F79EFBC}") = "DotNetCleanTemplate.Api", "DotNetCleanTemplate.Api\DotNetCleanTemplate.Api.csproj", "{320CF17A-4226-41BD-BA30-FE2F05DA1873}"
EndProject
Project("{FAE04EC0-301F-11D3-BF4B-00C04F79EFBC}") = "DotNetCleanTemplate.Domain", "DotNetCleanTemplate.Domain\DotNetCleanTemplate.Domain.csproj", "{70386552-8D58-48C6-9B4C-D0FEB46117BD}"
EndProject
Project("{FAE04EC0-301F-11D3-BF4B-00C04F79EFBC}") = "DotNetCleanTemplate.Application", "DotNetCleanTemplate.Application\DotNetCleanTemplate.Application.csproj", "{E41C1BEB-6FF8-449E-B124-53BD0CDC88F2}"
EndProject
Project("{FAE04EC0-301F-11D3-BF4B-00C04F79EFBC}") = "DotNetCleanTemplate.Infrastructure", "DotNetCleanTemplate.Infrastructure\DotNetCleanTemplate.Infrastructure.csproj", "{9A7176B3-8AEE-4D1E-9570-2F4D7EDC7DD9}"
EndProject
Project("{FAE04EC0-301F-11D3-BF4B-00C04F79EFBC}") = "DotNetCleanTemplate.Shared", "DotNetCleanTemplate.Shared\DotNetCleanTemplate.Shared.csproj", "{B2113F8B-009A-46D7-AD6B-C427334FD4DB}"
EndProject
Project("{2150E333-8FDC-42A3-9474-1A3956D46DE8}") = "Tests", "Tests", "{36D591C7-65C7-A0D1-1CBC-10CDE441BDC8}"
EndProject
Project("{FAE04EC0-301F-11D3-BF4B-00C04F79EFBC}") = "DotNetCleanTemplate.UnitTests", "Tests\DotNetCleanTemplate.UnitTests\DotNetCleanTemplate.UnitTests.csproj", "{A1B2C3D4-E5F6-7890-ABCD-EF1234567890}"
EndProject
Project("{FAE04EC0-301F-11D3-BF4B-00C04F79EFBC}") = "DotNetCleanTemplate.IntegrationTests", "Tests\DotNetCleanTemplate.IntegrationTests\DotNetCleanTemplate.IntegrationTests.csproj", "{432695EC-ADE8-41DA-BE39-AA32AE7B683C}"
EndProject
Project("{2150E333-8FDC-42A3-9474-1A3956D46DE8}") = "Clients", "Clients", "{68C3AEF1-CBD0-4A01-A29A-5CA26F6C94FE}"
EndProject
Project("{FAE04EC0-301F-11D3-BF4B-00C04F79EFBC}") = "DotNetCleanTemplate.WebClient", "DotNetCleanTemplate.WebClient\DotNetCleanTemplate.WebClient.csproj", "{BF06AC60-4129-4E38-B418-491CDFBB9462}"
EndProject
Global
	GlobalSection(SolutionConfigurationPlatforms) = preSolution
		Debug|Any CPU = Debug|Any CPU
		Release|Any CPU = Release|Any CPU
	EndGlobalSection
	GlobalSection(ProjectConfigurationPlatforms) = postSolution
		{320CF17A-4226-41BD-BA30-FE2F05DA1873}.Debug|Any CPU.ActiveCfg = Debug|Any CPU
		{320CF17A-4226-41BD-BA30-FE2F05DA1873}.Debug|Any CPU.Build.0 = Debug|Any CPU
		{320CF17A-4226-41BD-BA30-FE2F05DA1873}.Release|Any CPU.ActiveCfg = Release|Any CPU
		{320CF17A-4226-41BD-BA30-FE2F05DA1873}.Release|Any CPU.Build.0 = Release|Any CPU
		{70386552-8D58-48C6-9B4C-D0FEB46117BD}.Debug|Any CPU.ActiveCfg = Debug|Any CPU
		{70386552-8D58-48C6-9B4C-D0FEB46117BD}.Debug|Any CPU.Build.0 = Debug|Any CPU
		{70386552-8D58-48C6-9B4C-D0FEB46117BD}.Release|Any CPU.ActiveCfg = Release|Any CPU
		{70386552-8D58-48C6-9B4C-D0FEB46117BD}.Release|Any CPU.Build.0 = Release|Any CPU
		{E41C1BEB-6FF8-449E-B124-53BD0CDC88F2}.Debug|Any CPU.ActiveCfg = Debug|Any CPU
		{E41C1BEB-6FF8-449E-B124-53BD0CDC88F2}.Debug|Any CPU.Build.0 = Debug|Any CPU
		{E41C1BEB-6FF8-449E-B124-53BD0CDC88F2}.Release|Any CPU.ActiveCfg = Release|Any CPU
		{E41C1BEB-6FF8-449E-B124-53BD0CDC88F2}.Release|Any CPU.Build.0 = Release|Any CPU
		{9A7176B3-8AEE-4D1E-9570-2F4D7EDC7DD9}.Debug|Any CPU.ActiveCfg = Debug|Any CPU
		{9A7176B3-8AEE-4D1E-9570-2F4D7EDC7DD9}.Debug|Any CPU.Build.0 = Debug|Any CPU
		{9A7176B3-8AEE-4D1E-9570-2F4D7EDC7DD9}.Release|Any CPU.ActiveCfg = Release|Any CPU
		{9A7176B3-8AEE-4D1E-9570-2F4D7EDC7DD9}.Release|Any CPU.Build.0 = Release|Any CPU
		{B2113F8B-009A-46D7-AD6B-C427334FD4DB}.Debug|Any CPU.ActiveCfg = Debug|Any CPU
		{B2113F8B-009A-46D7-AD6B-C427334FD4DB}.Debug|Any CPU.Build.0 = Debug|Any CPU
		{B2113F8B-009A-46D7-AD6B-C427334FD4DB}.Release|Any CPU.ActiveCfg = Release|Any CPU
		{B2113F8B-009A-46D7-AD6B-C427334FD4DB}.Release|Any CPU.Build.0 = Release|Any CPU
		{A1B2C3D4-E5F6-7890-ABCD-EF1234567890}.Debug|Any CPU.ActiveCfg = Debug|Any CPU
		{A1B2C3D4-E5F6-7890-ABCD-EF1234567890}.Debug|Any CPU.Build.0 = Debug|Any CPU
		{A1B2C3D4-E5F6-7890-ABCD-EF1234567890}.Release|Any CPU.ActiveCfg = Release|Any CPU
		{A1B2C3D4-E5F6-7890-ABCD-EF1234567890}.Release|Any CPU.Build.0 = Release|Any CPU
		{432695EC-ADE8-41DA-BE39-AA32AE7B683C}.Debug|Any CPU.ActiveCfg = Debug|Any CPU
		{432695EC-ADE8-41DA-BE39-AA32AE7B683C}.Debug|Any CPU.Build.0 = Debug|Any CPU
		{432695EC-ADE8-41DA-BE39-AA32AE7B683C}.Release|Any CPU.ActiveCfg = Release|Any CPU
		{432695EC-ADE8-41DA-BE39-AA32AE7B683C}.Release|Any CPU.Build.0 = Release|Any CPU
		{BF06AC60-4129-4E38-B418-491CDFBB9462}.Debug|Any CPU.ActiveCfg = Debug|Any CPU
		{BF06AC60-4129-4E38-B418-491CDFBB9462}.Debug|Any CPU.Build.0 = Debug|Any CPU
		{BF06AC60-4129-4E38-B418-491CDFBB9462}.Release|Any CPU.ActiveCfg = Release|Any CPU
		{BF06AC60-4129-4E38-B418-491CDFBB9462}.Release|Any CPU.Build.0 = Release|Any CPU
	EndGlobalSection
	GlobalSection(SolutionProperties) = preSolution
		HideSolutionNode = FALSE
	EndGlobalSection
	GlobalSection(NestedProjects) = preSolution
		{A1B2C3D4-E5F6-7890-ABCD-EF1234567890} = {36D591C7-65C7-A0D1-1CBC-10CDE441BDC8}
		{432695EC-ADE8-41DA-BE39-AA32AE7B683C} = {36D591C7-65C7-A0D1-1CBC-10CDE441BDC8}
		{BF06AC60-4129-4E38-B418-491CDFBB9462} = {68C3AEF1-CBD0-4A01-A29A-5CA26F6C94FE}
	EndGlobalSection
	GlobalSection(ExtensibilityGlobals) = postSolution
		SolutionGuid = {147E6A5F-CB5F-4F69-913C-2834A0F5D448}
	EndGlobalSection
EndGlobal
